
Microsoft Visual Studio Solution File, Format Version 12.00
# Visual Studio Version 16
VisualStudioVersion = 16.0.30128.74
MinimumVisualStudioVersion = 10.0.40219.1
Project("{D954291E-2A0B-460D-934E-DC6B0785DB48}") = "ContaineredUnoWasm.Shared", "ContaineredUnoWasm\ContaineredUnoWasm.Shared\ContaineredUnoWasm.Shared.shproj", "{6279C845-92F8-4333-AB99-3D213163593C}"
EndProject
Project("{FAE04EC0-301F-11D3-BF4B-00C04F79EFBC}") = "ContaineredUnoWasm.Droid", "ContaineredUnoWasm\ContaineredUnoWasm.Droid\ContaineredUnoWasm.Droid.csproj", "{6E41FB28-099C-4212-A161-C2E71C0626B3}"
EndProject
Project("{FAE04EC0-301F-11D3-BF4B-00C04F79EFBC}") = "ContaineredUnoWasm.iOS", "ContaineredUnoWasm\ContaineredUnoWasm.iOS\ContaineredUnoWasm.iOS.csproj", "{9B1F4DC2-B14F-4286-B2A9-D3D89A24074C}"
EndProject
Project("{FAE04EC0-301F-11D3-BF4B-00C04F79EFBC}") = "ContaineredUnoWasm.UWP", "ContaineredUnoWasm\ContaineredUnoWasm.UWP\ContaineredUnoWasm.UWP.csproj", "{69E2CA81-D15B-4842-B571-FDF336EE2719}"
EndProject
Project("{FAE04EC0-301F-11D3-BF4B-00C04F79EFBC}") = "ContaineredUnoWasm.Wasm", "ContaineredUnoWasm\ContaineredUnoWasm.Wasm\ContaineredUnoWasm.Wasm.csproj", "{FCB1A052-3EBD-404A-AB7C-1A5601FF33A9}"
EndProject
Project("{FAE04EC0-301F-11D3-BF4B-00C04F79EFBC}") = "ContaineredUnoWasm.macOS", "ContaineredUnoWasm\ContaineredUnoWasm.macOS\ContaineredUnoWasm.macOS.csproj", "{663B72FB-5E55-49ED-8862-FFA4A92213AF}"
EndProject
Global
	GlobalSection(SharedMSBuildProjectFiles) = preSolution
		ContaineredUnoWasm\ContaineredUnoWasm.Shared\ContaineredUnoWasm.Shared.projitems*{6279c845-92f8-4333-ab99-3d213163593c}*SharedItemsImports = 13
		ContaineredUnoWasm\ContaineredUnoWasm.Shared\ContaineredUnoWasm.Shared.projitems*{663b72fb-5e55-49ed-8862-ffa4a92213af}*SharedItemsImports = 4
		ContaineredUnoWasm\ContaineredUnoWasm.Shared\ContaineredUnoWasm.Shared.projitems*{69e2ca81-d15b-4842-b571-fdf336ee2719}*SharedItemsImports = 4
		ContaineredUnoWasm\ContaineredUnoWasm.Shared\ContaineredUnoWasm.Shared.projitems*{6e41fb28-099c-4212-a161-c2e71c0626b3}*SharedItemsImports = 4
		ContaineredUnoWasm\ContaineredUnoWasm.Shared\ContaineredUnoWasm.Shared.projitems*{9b1f4dc2-b14f-4286-b2a9-d3d89a24074c}*SharedItemsImports = 4
		ContaineredUnoWasm\ContaineredUnoWasm.Shared\ContaineredUnoWasm.Shared.projitems*{fcb1a052-3ebd-404a-ab7c-1a5601ff33a9}*SharedItemsImports = 5
	EndGlobalSection
	GlobalSection(SolutionConfigurationPlatforms) = preSolution
		Ad-Hoc|Any CPU = Ad-Hoc|Any CPU
		Ad-Hoc|ARM = Ad-Hoc|ARM
		Ad-Hoc|ARM64 = Ad-Hoc|ARM64
		Ad-Hoc|iPhone = Ad-Hoc|iPhone
		Ad-Hoc|iPhoneSimulator = Ad-Hoc|iPhoneSimulator
		Ad-Hoc|x64 = Ad-Hoc|x64
		Ad-Hoc|x86 = Ad-Hoc|x86
		AppStore|Any CPU = AppStore|Any CPU
		AppStore|ARM = AppStore|ARM
		AppStore|ARM64 = AppStore|ARM64
		AppStore|iPhone = AppStore|iPhone
		AppStore|iPhoneSimulator = AppStore|iPhoneSimulator
		AppStore|x64 = AppStore|x64
		AppStore|x86 = AppStore|x86
		Debug|Any CPU = Debug|Any CPU
		Debug|ARM = Debug|ARM
		Debug|ARM64 = Debug|ARM64
		Debug|iPhone = Debug|iPhone
		Debug|iPhoneSimulator = Debug|iPhoneSimulator
		Debug|x64 = Debug|x64
		Debug|x86 = Debug|x86
		Release|Any CPU = Release|Any CPU
		Release|ARM = Release|ARM
		Release|ARM64 = Release|ARM64
		Release|iPhone = Release|iPhone
		Release|iPhoneSimulator = Release|iPhoneSimulator
		Release|x64 = Release|x64
		Release|x86 = Release|x86
	EndGlobalSection
	GlobalSection(ProjectConfigurationPlatforms) = postSolution
		{6E41FB28-099C-4212-A161-C2E71C0626B3}.Ad-Hoc|Any CPU.ActiveCfg = Release|Any CPU
		{6E41FB28-099C-4212-A161-C2E71C0626B3}.Ad-Hoc|Any CPU.Build.0 = Release|Any CPU
		{6E41FB28-099C-4212-A161-C2E71C0626B3}.Ad-Hoc|Any CPU.Deploy.0 = Release|Any CPU
		{6E41FB28-099C-4212-A161-C2E71C0626B3}.Ad-Hoc|ARM.ActiveCfg = Release|Any CPU
		{6E41FB28-099C-4212-A161-C2E71C0626B3}.Ad-Hoc|ARM.Build.0 = Release|Any CPU
		{6E41FB28-099C-4212-A161-C2E71C0626B3}.Ad-Hoc|ARM.Deploy.0 = Release|Any CPU
		{6E41FB28-099C-4212-A161-C2E71C0626B3}.Ad-Hoc|ARM64.ActiveCfg = Release|Any CPU
		{6E41FB28-099C-4212-A161-C2E71C0626B3}.Ad-Hoc|ARM64.Build.0 = Release|Any CPU
		{6E41FB28-099C-4212-A161-C2E71C0626B3}.Ad-Hoc|ARM64.Deploy.0 = Release|Any CPU
		{6E41FB28-099C-4212-A161-C2E71C0626B3}.Ad-Hoc|iPhone.ActiveCfg = Release|Any CPU
		{6E41FB28-099C-4212-A161-C2E71C0626B3}.Ad-Hoc|iPhone.Build.0 = Release|Any CPU
		{6E41FB28-099C-4212-A161-C2E71C0626B3}.Ad-Hoc|iPhone.Deploy.0 = Release|Any CPU
		{6E41FB28-099C-4212-A161-C2E71C0626B3}.Ad-Hoc|iPhoneSimulator.ActiveCfg = Release|Any CPU
		{6E41FB28-099C-4212-A161-C2E71C0626B3}.Ad-Hoc|iPhoneSimulator.Build.0 = Release|Any CPU
		{6E41FB28-099C-4212-A161-C2E71C0626B3}.Ad-Hoc|iPhoneSimulator.Deploy.0 = Release|Any CPU
		{6E41FB28-099C-4212-A161-C2E71C0626B3}.Ad-Hoc|x64.ActiveCfg = Release|Any CPU
		{6E41FB28-099C-4212-A161-C2E71C0626B3}.Ad-Hoc|x64.Build.0 = Release|Any CPU
		{6E41FB28-099C-4212-A161-C2E71C0626B3}.Ad-Hoc|x64.Deploy.0 = Release|Any CPU
		{6E41FB28-099C-4212-A161-C2E71C0626B3}.Ad-Hoc|x86.ActiveCfg = Release|Any CPU
		{6E41FB28-099C-4212-A161-C2E71C0626B3}.Ad-Hoc|x86.Build.0 = Release|Any CPU
		{6E41FB28-099C-4212-A161-C2E71C0626B3}.Ad-Hoc|x86.Deploy.0 = Release|Any CPU
		{6E41FB28-099C-4212-A161-C2E71C0626B3}.AppStore|Any CPU.ActiveCfg = Release|Any CPU
		{6E41FB28-099C-4212-A161-C2E71C0626B3}.AppStore|Any CPU.Build.0 = Release|Any CPU
		{6E41FB28-099C-4212-A161-C2E71C0626B3}.AppStore|Any CPU.Deploy.0 = Release|Any CPU
		{6E41FB28-099C-4212-A161-C2E71C0626B3}.AppStore|ARM.ActiveCfg = Release|Any CPU
		{6E41FB28-099C-4212-A161-C2E71C0626B3}.AppStore|ARM.Build.0 = Release|Any CPU
		{6E41FB28-099C-4212-A161-C2E71C0626B3}.AppStore|ARM.Deploy.0 = Release|Any CPU
		{6E41FB28-099C-4212-A161-C2E71C0626B3}.AppStore|ARM64.ActiveCfg = Release|Any CPU
		{6E41FB28-099C-4212-A161-C2E71C0626B3}.AppStore|ARM64.Build.0 = Release|Any CPU
		{6E41FB28-099C-4212-A161-C2E71C0626B3}.AppStore|ARM64.Deploy.0 = Release|Any CPU
		{6E41FB28-099C-4212-A161-C2E71C0626B3}.AppStore|iPhone.ActiveCfg = Release|Any CPU
		{6E41FB28-099C-4212-A161-C2E71C0626B3}.AppStore|iPhone.Build.0 = Release|Any CPU
		{6E41FB28-099C-4212-A161-C2E71C0626B3}.AppStore|iPhone.Deploy.0 = Release|Any CPU
		{6E41FB28-099C-4212-A161-C2E71C0626B3}.AppStore|iPhoneSimulator.ActiveCfg = Release|Any CPU
		{6E41FB28-099C-4212-A161-C2E71C0626B3}.AppStore|iPhoneSimulator.Build.0 = Release|Any CPU
		{6E41FB28-099C-4212-A161-C2E71C0626B3}.AppStore|iPhoneSimulator.Deploy.0 = Release|Any CPU
		{6E41FB28-099C-4212-A161-C2E71C0626B3}.AppStore|x64.ActiveCfg = Release|Any CPU
		{6E41FB28-099C-4212-A161-C2E71C0626B3}.AppStore|x64.Build.0 = Release|Any CPU
		{6E41FB28-099C-4212-A161-C2E71C0626B3}.AppStore|x64.Deploy.0 = Release|Any CPU
		{6E41FB28-099C-4212-A161-C2E71C0626B3}.AppStore|x86.ActiveCfg = Release|Any CPU
		{6E41FB28-099C-4212-A161-C2E71C0626B3}.AppStore|x86.Build.0 = Release|Any CPU
		{6E41FB28-099C-4212-A161-C2E71C0626B3}.AppStore|x86.Deploy.0 = Release|Any CPU
		{6E41FB28-099C-4212-A161-C2E71C0626B3}.Debug|Any CPU.ActiveCfg = Debug|Any CPU
		{6E41FB28-099C-4212-A161-C2E71C0626B3}.Debug|Any CPU.Build.0 = Debug|Any CPU
		{6E41FB28-099C-4212-A161-C2E71C0626B3}.Debug|Any CPU.Deploy.0 = Debug|Any CPU
		{6E41FB28-099C-4212-A161-C2E71C0626B3}.Debug|ARM.ActiveCfg = Debug|Any CPU
		{6E41FB28-099C-4212-A161-C2E71C0626B3}.Debug|ARM.Build.0 = Debug|Any CPU
		{6E41FB28-099C-4212-A161-C2E71C0626B3}.Debug|ARM.Deploy.0 = Debug|Any CPU
		{6E41FB28-099C-4212-A161-C2E71C0626B3}.Debug|ARM64.ActiveCfg = Debug|Any CPU
		{6E41FB28-099C-4212-A161-C2E71C0626B3}.Debug|ARM64.Build.0 = Debug|Any CPU
		{6E41FB28-099C-4212-A161-C2E71C0626B3}.Debug|ARM64.Deploy.0 = Debug|Any CPU
		{6E41FB28-099C-4212-A161-C2E71C0626B3}.Debug|iPhone.ActiveCfg = Debug|Any CPU
		{6E41FB28-099C-4212-A161-C2E71C0626B3}.Debug|iPhone.Build.0 = Debug|Any CPU
		{6E41FB28-099C-4212-A161-C2E71C0626B3}.Debug|iPhone.Deploy.0 = Debug|Any CPU
		{6E41FB28-099C-4212-A161-C2E71C0626B3}.Debug|iPhoneSimulator.ActiveCfg = Debug|Any CPU
		{6E41FB28-099C-4212-A161-C2E71C0626B3}.Debug|iPhoneSimulator.Build.0 = Debug|Any CPU
		{6E41FB28-099C-4212-A161-C2E71C0626B3}.Debug|iPhoneSimulator.Deploy.0 = Debug|Any CPU
		{6E41FB28-099C-4212-A161-C2E71C0626B3}.Debug|x64.ActiveCfg = Debug|Any CPU
		{6E41FB28-099C-4212-A161-C2E71C0626B3}.Debug|x64.Build.0 = Debug|Any CPU
		{6E41FB28-099C-4212-A161-C2E71C0626B3}.Debug|x64.Deploy.0 = Debug|Any CPU
		{6E41FB28-099C-4212-A161-C2E71C0626B3}.Debug|x86.ActiveCfg = Debug|Any CPU
		{6E41FB28-099C-4212-A161-C2E71C0626B3}.Debug|x86.Build.0 = Debug|Any CPU
		{6E41FB28-099C-4212-A161-C2E71C0626B3}.Debug|x86.Deploy.0 = Debug|Any CPU
		{6E41FB28-099C-4212-A161-C2E71C0626B3}.Release|Any CPU.ActiveCfg = Release|Any CPU
		{6E41FB28-099C-4212-A161-C2E71C0626B3}.Release|Any CPU.Build.0 = Release|Any CPU
		{6E41FB28-099C-4212-A161-C2E71C0626B3}.Release|Any CPU.Deploy.0 = Release|Any CPU
		{6E41FB28-099C-4212-A161-C2E71C0626B3}.Release|ARM.ActiveCfg = Release|Any CPU
		{6E41FB28-099C-4212-A161-C2E71C0626B3}.Release|ARM.Build.0 = Release|Any CPU
		{6E41FB28-099C-4212-A161-C2E71C0626B3}.Release|ARM.Deploy.0 = Release|Any CPU
		{6E41FB28-099C-4212-A161-C2E71C0626B3}.Release|ARM64.ActiveCfg = Release|Any CPU
		{6E41FB28-099C-4212-A161-C2E71C0626B3}.Release|ARM64.Build.0 = Release|Any CPU
		{6E41FB28-099C-4212-A161-C2E71C0626B3}.Release|ARM64.Deploy.0 = Release|Any CPU
		{6E41FB28-099C-4212-A161-C2E71C0626B3}.Release|iPhone.ActiveCfg = Release|Any CPU
		{6E41FB28-099C-4212-A161-C2E71C0626B3}.Release|iPhone.Build.0 = Release|Any CPU
		{6E41FB28-099C-4212-A161-C2E71C0626B3}.Release|iPhone.Deploy.0 = Release|Any CPU
		{6E41FB28-099C-4212-A161-C2E71C0626B3}.Release|iPhoneSimulator.ActiveCfg = Release|Any CPU
		{6E41FB28-099C-4212-A161-C2E71C0626B3}.Release|iPhoneSimulator.Build.0 = Release|Any CPU
		{6E41FB28-099C-4212-A161-C2E71C0626B3}.Release|iPhoneSimulator.Deploy.0 = Release|Any CPU
		{6E41FB28-099C-4212-A161-C2E71C0626B3}.Release|x64.ActiveCfg = Release|Any CPU
		{6E41FB28-099C-4212-A161-C2E71C0626B3}.Release|x64.Build.0 = Release|Any CPU
		{6E41FB28-099C-4212-A161-C2E71C0626B3}.Release|x64.Deploy.0 = Release|Any CPU
		{6E41FB28-099C-4212-A161-C2E71C0626B3}.Release|x86.ActiveCfg = Release|Any CPU
		{6E41FB28-099C-4212-A161-C2E71C0626B3}.Release|x86.Build.0 = Release|Any CPU
		{6E41FB28-099C-4212-A161-C2E71C0626B3}.Release|x86.Deploy.0 = Release|Any CPU
		{9B1F4DC2-B14F-4286-B2A9-D3D89A24074C}.Ad-Hoc|Any CPU.ActiveCfg = Ad-Hoc|iPhone
		{9B1F4DC2-B14F-4286-B2A9-D3D89A24074C}.Ad-Hoc|ARM.ActiveCfg = Ad-Hoc|iPhone
		{9B1F4DC2-B14F-4286-B2A9-D3D89A24074C}.Ad-Hoc|ARM64.ActiveCfg = Ad-Hoc|iPhone
		{9B1F4DC2-B14F-4286-B2A9-D3D89A24074C}.Ad-Hoc|iPhone.ActiveCfg = Ad-Hoc|iPhone
		{9B1F4DC2-B14F-4286-B2A9-D3D89A24074C}.Ad-Hoc|iPhone.Build.0 = Ad-Hoc|iPhone
		{9B1F4DC2-B14F-4286-B2A9-D3D89A24074C}.Ad-Hoc|iPhoneSimulator.ActiveCfg = Ad-Hoc|iPhoneSimulator
		{9B1F4DC2-B14F-4286-B2A9-D3D89A24074C}.Ad-Hoc|iPhoneSimulator.Build.0 = Ad-Hoc|iPhoneSimulator
		{9B1F4DC2-B14F-4286-B2A9-D3D89A24074C}.Ad-Hoc|x64.ActiveCfg = Ad-Hoc|iPhone
		{9B1F4DC2-B14F-4286-B2A9-D3D89A24074C}.Ad-Hoc|x86.ActiveCfg = Ad-Hoc|iPhone
		{9B1F4DC2-B14F-4286-B2A9-D3D89A24074C}.AppStore|Any CPU.ActiveCfg = AppStore|iPhone
		{9B1F4DC2-B14F-4286-B2A9-D3D89A24074C}.AppStore|ARM.ActiveCfg = AppStore|iPhone
		{9B1F4DC2-B14F-4286-B2A9-D3D89A24074C}.AppStore|ARM64.ActiveCfg = AppStore|iPhone
		{9B1F4DC2-B14F-4286-B2A9-D3D89A24074C}.AppStore|iPhone.ActiveCfg = AppStore|iPhone
		{9B1F4DC2-B14F-4286-B2A9-D3D89A24074C}.AppStore|iPhone.Build.0 = AppStore|iPhone
		{9B1F4DC2-B14F-4286-B2A9-D3D89A24074C}.AppStore|iPhoneSimulator.ActiveCfg = AppStore|iPhoneSimulator
		{9B1F4DC2-B14F-4286-B2A9-D3D89A24074C}.AppStore|iPhoneSimulator.Build.0 = AppStore|iPhoneSimulator
		{9B1F4DC2-B14F-4286-B2A9-D3D89A24074C}.AppStore|x64.ActiveCfg = AppStore|iPhone
		{9B1F4DC2-B14F-4286-B2A9-D3D89A24074C}.AppStore|x86.ActiveCfg = AppStore|iPhone
		{9B1F4DC2-B14F-4286-B2A9-D3D89A24074C}.Debug|Any CPU.ActiveCfg = Debug|iPhone
		{9B1F4DC2-B14F-4286-B2A9-D3D89A24074C}.Debug|ARM.ActiveCfg = Debug|iPhone
		{9B1F4DC2-B14F-4286-B2A9-D3D89A24074C}.Debug|ARM64.ActiveCfg = Debug|iPhone
		{9B1F4DC2-B14F-4286-B2A9-D3D89A24074C}.Debug|iPhone.ActiveCfg = Debug|iPhone
		{9B1F4DC2-B14F-4286-B2A9-D3D89A24074C}.Debug|iPhone.Build.0 = Debug|iPhone
		{9B1F4DC2-B14F-4286-B2A9-D3D89A24074C}.Debug|iPhoneSimulator.ActiveCfg = Debug|iPhoneSimulator
		{9B1F4DC2-B14F-4286-B2A9-D3D89A24074C}.Debug|iPhoneSimulator.Build.0 = Debug|iPhoneSimulator
		{9B1F4DC2-B14F-4286-B2A9-D3D89A24074C}.Debug|x64.ActiveCfg = Debug|iPhone
		{9B1F4DC2-B14F-4286-B2A9-D3D89A24074C}.Debug|x86.ActiveCfg = Debug|iPhone
		{9B1F4DC2-B14F-4286-B2A9-D3D89A24074C}.Release|Any CPU.ActiveCfg = Release|iPhone
		{9B1F4DC2-B14F-4286-B2A9-D3D89A24074C}.Release|ARM.ActiveCfg = Release|iPhone
		{9B1F4DC2-B14F-4286-B2A9-D3D89A24074C}.Release|ARM64.ActiveCfg = Release|iPhone
		{9B1F4DC2-B14F-4286-B2A9-D3D89A24074C}.Release|iPhone.ActiveCfg = Release|iPhone
		{9B1F4DC2-B14F-4286-B2A9-D3D89A24074C}.Release|iPhone.Build.0 = Release|iPhone
		{9B1F4DC2-B14F-4286-B2A9-D3D89A24074C}.Release|iPhoneSimulator.ActiveCfg = Release|iPhoneSimulator
		{9B1F4DC2-B14F-4286-B2A9-D3D89A24074C}.Release|iPhoneSimulator.Build.0 = Release|iPhoneSimulator
		{9B1F4DC2-B14F-4286-B2A9-D3D89A24074C}.Release|x64.ActiveCfg = Release|iPhone
		{9B1F4DC2-B14F-4286-B2A9-D3D89A24074C}.Release|x86.ActiveCfg = Release|iPhone
		{69E2CA81-D15B-4842-B571-FDF336EE2719}.Ad-Hoc|Any CPU.ActiveCfg = Release|x64
		{69E2CA81-D15B-4842-B571-FDF336EE2719}.Ad-Hoc|Any CPU.Build.0 = Release|x64
		{69E2CA81-D15B-4842-B571-FDF336EE2719}.Ad-Hoc|Any CPU.Deploy.0 = Release|x64
		{69E2CA81-D15B-4842-B571-FDF336EE2719}.Ad-Hoc|ARM.ActiveCfg = Release|ARM
		{69E2CA81-D15B-4842-B571-FDF336EE2719}.Ad-Hoc|ARM.Build.0 = Release|ARM
		{69E2CA81-D15B-4842-B571-FDF336EE2719}.Ad-Hoc|ARM.Deploy.0 = Release|ARM
		{69E2CA81-D15B-4842-B571-FDF336EE2719}.Ad-Hoc|ARM64.ActiveCfg = Release|ARM64
		{69E2CA81-D15B-4842-B571-FDF336EE2719}.Ad-Hoc|ARM64.Build.0 = Release|ARM64
		{69E2CA81-D15B-4842-B571-FDF336EE2719}.Ad-Hoc|ARM64.Deploy.0 = Release|ARM64
		{69E2CA81-D15B-4842-B571-FDF336EE2719}.Ad-Hoc|iPhone.ActiveCfg = Release|x64
		{69E2CA81-D15B-4842-B571-FDF336EE2719}.Ad-Hoc|iPhone.Build.0 = Release|x64
		{69E2CA81-D15B-4842-B571-FDF336EE2719}.Ad-Hoc|iPhone.Deploy.0 = Release|x64
		{69E2CA81-D15B-4842-B571-FDF336EE2719}.Ad-Hoc|iPhoneSimulator.ActiveCfg = Release|x64
		{69E2CA81-D15B-4842-B571-FDF336EE2719}.Ad-Hoc|iPhoneSimulator.Build.0 = Release|x64
		{69E2CA81-D15B-4842-B571-FDF336EE2719}.Ad-Hoc|iPhoneSimulator.Deploy.0 = Release|x64
		{69E2CA81-D15B-4842-B571-FDF336EE2719}.Ad-Hoc|x64.ActiveCfg = Release|x64
		{69E2CA81-D15B-4842-B571-FDF336EE2719}.Ad-Hoc|x64.Build.0 = Release|x64
		{69E2CA81-D15B-4842-B571-FDF336EE2719}.Ad-Hoc|x64.Deploy.0 = Release|x64
		{69E2CA81-D15B-4842-B571-FDF336EE2719}.Ad-Hoc|x86.ActiveCfg = Release|x86
		{69E2CA81-D15B-4842-B571-FDF336EE2719}.Ad-Hoc|x86.Build.0 = Release|x86
		{69E2CA81-D15B-4842-B571-FDF336EE2719}.Ad-Hoc|x86.Deploy.0 = Release|x86
		{69E2CA81-D15B-4842-B571-FDF336EE2719}.AppStore|Any CPU.ActiveCfg = Release|x64
		{69E2CA81-D15B-4842-B571-FDF336EE2719}.AppStore|Any CPU.Build.0 = Release|x64
		{69E2CA81-D15B-4842-B571-FDF336EE2719}.AppStore|Any CPU.Deploy.0 = Release|x64
		{69E2CA81-D15B-4842-B571-FDF336EE2719}.AppStore|ARM.ActiveCfg = Release|ARM
		{69E2CA81-D15B-4842-B571-FDF336EE2719}.AppStore|ARM.Build.0 = Release|ARM
		{69E2CA81-D15B-4842-B571-FDF336EE2719}.AppStore|ARM.Deploy.0 = Release|ARM
		{69E2CA81-D15B-4842-B571-FDF336EE2719}.AppStore|ARM64.ActiveCfg = Release|ARM64
		{69E2CA81-D15B-4842-B571-FDF336EE2719}.AppStore|ARM64.Build.0 = Release|ARM64
		{69E2CA81-D15B-4842-B571-FDF336EE2719}.AppStore|ARM64.Deploy.0 = Release|ARM64
		{69E2CA81-D15B-4842-B571-FDF336EE2719}.AppStore|iPhone.ActiveCfg = Release|x64
		{69E2CA81-D15B-4842-B571-FDF336EE2719}.AppStore|iPhone.Build.0 = Release|x64
		{69E2CA81-D15B-4842-B571-FDF336EE2719}.AppStore|iPhone.Deploy.0 = Release|x64
		{69E2CA81-D15B-4842-B571-FDF336EE2719}.AppStore|iPhoneSimulator.ActiveCfg = Release|x64
		{69E2CA81-D15B-4842-B571-FDF336EE2719}.AppStore|iPhoneSimulator.Build.0 = Release|x64
		{69E2CA81-D15B-4842-B571-FDF336EE2719}.AppStore|iPhoneSimulator.Deploy.0 = Release|x64
		{69E2CA81-D15B-4842-B571-FDF336EE2719}.AppStore|x64.ActiveCfg = Release|x64
		{69E2CA81-D15B-4842-B571-FDF336EE2719}.AppStore|x64.Build.0 = Release|x64
		{69E2CA81-D15B-4842-B571-FDF336EE2719}.AppStore|x64.Deploy.0 = Release|x64
		{69E2CA81-D15B-4842-B571-FDF336EE2719}.AppStore|x86.ActiveCfg = Release|x86
		{69E2CA81-D15B-4842-B571-FDF336EE2719}.AppStore|x86.Build.0 = Release|x86
		{69E2CA81-D15B-4842-B571-FDF336EE2719}.AppStore|x86.Deploy.0 = Release|x86
		{69E2CA81-D15B-4842-B571-FDF336EE2719}.Debug|Any CPU.ActiveCfg = Debug|x86
		{69E2CA81-D15B-4842-B571-FDF336EE2719}.Debug|ARM.ActiveCfg = Debug|ARM
		{69E2CA81-D15B-4842-B571-FDF336EE2719}.Debug|ARM.Build.0 = Debug|ARM
		{69E2CA81-D15B-4842-B571-FDF336EE2719}.Debug|ARM.Deploy.0 = Debug|ARM
		{69E2CA81-D15B-4842-B571-FDF336EE2719}.Debug|ARM64.ActiveCfg = Debug|ARM64
		{69E2CA81-D15B-4842-B571-FDF336EE2719}.Debug|ARM64.Build.0 = Debug|ARM64
		{69E2CA81-D15B-4842-B571-FDF336EE2719}.Debug|ARM64.Deploy.0 = Debug|ARM64
		{69E2CA81-D15B-4842-B571-FDF336EE2719}.Debug|iPhone.ActiveCfg = Debug|x86
		{69E2CA81-D15B-4842-B571-FDF336EE2719}.Debug|iPhoneSimulator.ActiveCfg = Debug|x86
		{69E2CA81-D15B-4842-B571-FDF336EE2719}.Debug|x64.ActiveCfg = Debug|x64
		{69E2CA81-D15B-4842-B571-FDF336EE2719}.Debug|x64.Build.0 = Debug|x64
		{69E2CA81-D15B-4842-B571-FDF336EE2719}.Debug|x64.Deploy.0 = Debug|x64
		{69E2CA81-D15B-4842-B571-FDF336EE2719}.Debug|x86.ActiveCfg = Debug|x86
		{69E2CA81-D15B-4842-B571-FDF336EE2719}.Debug|x86.Build.0 = Debug|x86
		{69E2CA81-D15B-4842-B571-FDF336EE2719}.Debug|x86.Deploy.0 = Debug|x86
		{69E2CA81-D15B-4842-B571-FDF336EE2719}.Release|Any CPU.ActiveCfg = Release|x86
		{69E2CA81-D15B-4842-B571-FDF336EE2719}.Release|ARM.ActiveCfg = Release|ARM
		{69E2CA81-D15B-4842-B571-FDF336EE2719}.Release|ARM.Build.0 = Release|ARM
		{69E2CA81-D15B-4842-B571-FDF336EE2719}.Release|ARM.Deploy.0 = Release|ARM
		{69E2CA81-D15B-4842-B571-FDF336EE2719}.Release|ARM64.ActiveCfg = Release|ARM64
		{69E2CA81-D15B-4842-B571-FDF336EE2719}.Release|ARM64.Build.0 = Release|ARM64
		{69E2CA81-D15B-4842-B571-FDF336EE2719}.Release|ARM64.Deploy.0 = Release|ARM64
		{69E2CA81-D15B-4842-B571-FDF336EE2719}.Release|iPhone.ActiveCfg = Release|x86
		{69E2CA81-D15B-4842-B571-FDF336EE2719}.Release|iPhoneSimulator.ActiveCfg = Release|x86
		{69E2CA81-D15B-4842-B571-FDF336EE2719}.Release|x64.ActiveCfg = Release|x64
		{69E2CA81-D15B-4842-B571-FDF336EE2719}.Release|x64.Build.0 = Release|x64
		{69E2CA81-D15B-4842-B571-FDF336EE2719}.Release|x64.Deploy.0 = Release|x64
		{69E2CA81-D15B-4842-B571-FDF336EE2719}.Release|x86.ActiveCfg = Release|x86
		{69E2CA81-D15B-4842-B571-FDF336EE2719}.Release|x86.Build.0 = Release|x86
		{69E2CA81-D15B-4842-B571-FDF336EE2719}.Release|x86.Deploy.0 = Release|x86
		{FCB1A052-3EBD-404A-AB7C-1A5601FF33A9}.Ad-Hoc|Any CPU.ActiveCfg = Debug|Any CPU
		{FCB1A052-3EBD-404A-AB7C-1A5601FF33A9}.Ad-Hoc|Any CPU.Build.0 = Debug|Any CPU
		{FCB1A052-3EBD-404A-AB7C-1A5601FF33A9}.Ad-Hoc|ARM.ActiveCfg = Debug|Any CPU
		{FCB1A052-3EBD-404A-AB7C-1A5601FF33A9}.Ad-Hoc|ARM.Build.0 = Debug|Any CPU
		{FCB1A052-3EBD-404A-AB7C-1A5601FF33A9}.Ad-Hoc|ARM64.ActiveCfg = Debug|Any CPU
		{FCB1A052-3EBD-404A-AB7C-1A5601FF33A9}.Ad-Hoc|ARM64.Build.0 = Debug|Any CPU
		{FCB1A052-3EBD-404A-AB7C-1A5601FF33A9}.Ad-Hoc|iPhone.ActiveCfg = Debug|Any CPU
		{FCB1A052-3EBD-404A-AB7C-1A5601FF33A9}.Ad-Hoc|iPhone.Build.0 = Debug|Any CPU
		{FCB1A052-3EBD-404A-AB7C-1A5601FF33A9}.Ad-Hoc|iPhoneSimulator.ActiveCfg = Debug|Any CPU
		{FCB1A052-3EBD-404A-AB7C-1A5601FF33A9}.Ad-Hoc|iPhoneSimulator.Build.0 = Debug|Any CPU
		{FCB1A052-3EBD-404A-AB7C-1A5601FF33A9}.Ad-Hoc|x64.ActiveCfg = Debug|Any CPU
		{FCB1A052-3EBD-404A-AB7C-1A5601FF33A9}.Ad-Hoc|x64.Build.0 = Debug|Any CPU
		{FCB1A052-3EBD-404A-AB7C-1A5601FF33A9}.Ad-Hoc|x86.ActiveCfg = Debug|Any CPU
		{FCB1A052-3EBD-404A-AB7C-1A5601FF33A9}.Ad-Hoc|x86.Build.0 = Debug|Any CPU
		{FCB1A052-3EBD-404A-AB7C-1A5601FF33A9}.AppStore|Any CPU.ActiveCfg = Debug|Any CPU
		{FCB1A052-3EBD-404A-AB7C-1A5601FF33A9}.AppStore|Any CPU.Build.0 = Debug|Any CPU
		{FCB1A052-3EBD-404A-AB7C-1A5601FF33A9}.AppStore|ARM.ActiveCfg = Debug|Any CPU
		{FCB1A052-3EBD-404A-AB7C-1A5601FF33A9}.AppStore|ARM.Build.0 = Debug|Any CPU
		{FCB1A052-3EBD-404A-AB7C-1A5601FF33A9}.AppStore|ARM64.ActiveCfg = Debug|Any CPU
		{FCB1A052-3EBD-404A-AB7C-1A5601FF33A9}.AppStore|ARM64.Build.0 = Debug|Any CPU
		{FCB1A052-3EBD-404A-AB7C-1A5601FF33A9}.AppStore|iPhone.ActiveCfg = Debug|Any CPU
		{FCB1A052-3EBD-404A-AB7C-1A5601FF33A9}.AppStore|iPhone.Build.0 = Debug|Any CPU
		{FCB1A052-3EBD-404A-AB7C-1A5601FF33A9}.AppStore|iPhoneSimulator.ActiveCfg = Debug|Any CPU
		{FCB1A052-3EBD-404A-AB7C-1A5601FF33A9}.AppStore|iPhoneSimulator.Build.0 = Debug|Any CPU
		{FCB1A052-3EBD-404A-AB7C-1A5601FF33A9}.AppStore|x64.ActiveCfg = Debug|Any CPU
		{FCB1A052-3EBD-404A-AB7C-1A5601FF33A9}.AppStore|x64.Build.0 = Debug|Any CPU
		{FCB1A052-3EBD-404A-AB7C-1A5601FF33A9}.AppStore|x86.ActiveCfg = Debug|Any CPU
		{FCB1A052-3EBD-404A-AB7C-1A5601FF33A9}.AppStore|x86.Build.0 = Debug|Any CPU
		{FCB1A052-3EBD-404A-AB7C-1A5601FF33A9}.Debug|Any CPU.ActiveCfg = Debug|Any CPU
		{FCB1A052-3EBD-404A-AB7C-1A5601FF33A9}.Debug|Any CPU.Build.0 = Debug|Any CPU
		{FCB1A052-3EBD-404A-AB7C-1A5601FF33A9}.Debug|ARM.ActiveCfg = Debug|Any CPU
		{FCB1A052-3EBD-404A-AB7C-1A5601FF33A9}.Debug|ARM.Build.0 = Debug|Any CPU
		{FCB1A052-3EBD-404A-AB7C-1A5601FF33A9}.Debug|ARM64.ActiveCfg = Debug|Any CPU
		{FCB1A052-3EBD-404A-AB7C-1A5601FF33A9}.Debug|ARM64.Build.0 = Debug|Any CPU
		{FCB1A052-3EBD-404A-AB7C-1A5601FF33A9}.Debug|iPhone.ActiveCfg = Debug|Any CPU
		{FCB1A052-3EBD-404A-AB7C-1A5601FF33A9}.Debug|iPhone.Build.0 = Debug|Any CPU
		{FCB1A052-3EBD-404A-AB7C-1A5601FF33A9}.Debug|iPhoneSimulator.ActiveCfg = Debug|Any CPU
		{FCB1A052-3EBD-404A-AB7C-1A5601FF33A9}.Debug|iPhoneSimulator.Build.0 = Debug|Any CPU
		{FCB1A052-3EBD-404A-AB7C-1A5601FF33A9}.Debug|x64.ActiveCfg = Debug|Any CPU
		{FCB1A052-3EBD-404A-AB7C-1A5601FF33A9}.Debug|x64.Build.0 = Debug|Any CPU
		{FCB1A052-3EBD-404A-AB7C-1A5601FF33A9}.Debug|x86.ActiveCfg = Debug|Any CPU
		{FCB1A052-3EBD-404A-AB7C-1A5601FF33A9}.Debug|x86.Build.0 = Debug|Any CPU
		{FCB1A052-3EBD-404A-AB7C-1A5601FF33A9}.Release|Any CPU.ActiveCfg = Release|Any CPU
		{FCB1A052-3EBD-404A-AB7C-1A5601FF33A9}.Release|Any CPU.Build.0 = Release|Any CPU
		{FCB1A052-3EBD-404A-AB7C-1A5601FF33A9}.Release|ARM.ActiveCfg = Release|Any CPU
		{FCB1A052-3EBD-404A-AB7C-1A5601FF33A9}.Release|ARM.Build.0 = Release|Any CPU
		{FCB1A052-3EBD-404A-AB7C-1A5601FF33A9}.Release|ARM64.ActiveCfg = Release|Any CPU
		{FCB1A052-3EBD-404A-AB7C-1A5601FF33A9}.Release|ARM64.Build.0 = Release|Any CPU
		{FCB1A052-3EBD-404A-AB7C-1A5601FF33A9}.Release|iPhone.ActiveCfg = Release|Any CPU
		{FCB1A052-3EBD-404A-AB7C-1A5601FF33A9}.Release|iPhone.Build.0 = Release|Any CPU
		{FCB1A052-3EBD-404A-AB7C-1A5601FF33A9}.Release|iPhoneSimulator.ActiveCfg = Release|Any CPU
		{FCB1A052-3EBD-404A-AB7C-1A5601FF33A9}.Release|iPhoneSimulator.Build.0 = Release|Any CPU
		{FCB1A052-3EBD-404A-AB7C-1A5601FF33A9}.Release|x64.ActiveCfg = Release|Any CPU
		{FCB1A052-3EBD-404A-AB7C-1A5601FF33A9}.Release|x64.Build.0 = Release|Any CPU
		{FCB1A052-3EBD-404A-AB7C-1A5601FF33A9}.Release|x86.ActiveCfg = Release|Any CPU
		{FCB1A052-3EBD-404A-AB7C-1A5601FF33A9}.Release|x86.Build.0 = Release|Any CPU
		{663B72FB-5E55-49ED-8862-FFA4A92213AF}.Ad-Hoc|Any CPU.ActiveCfg = Release|iPhoneSimulator
		{663B72FB-5E55-49ED-8862-FFA4A92213AF}.Ad-Hoc|Any CPU.Build.0 = Release|iPhoneSimulator
		{663B72FB-5E55-49ED-8862-FFA4A92213AF}.Ad-Hoc|ARM.ActiveCfg = Release|iPhoneSimulator
		{663B72FB-5E55-49ED-8862-FFA4A92213AF}.Ad-Hoc|ARM.Build.0 = Release|iPhoneSimulator
		{663B72FB-5E55-49ED-8862-FFA4A92213AF}.Ad-Hoc|ARM64.ActiveCfg = Release|iPhoneSimulator
		{663B72FB-5E55-49ED-8862-FFA4A92213AF}.Ad-Hoc|ARM64.Build.0 = Release|iPhoneSimulator
		{663B72FB-5E55-49ED-8862-FFA4A92213AF}.Ad-Hoc|iPhone.ActiveCfg = Release|iPhoneSimulator
		{663B72FB-5E55-49ED-8862-FFA4A92213AF}.Ad-Hoc|iPhone.Build.0 = Release|iPhoneSimulator
		{663B72FB-5E55-49ED-8862-FFA4A92213AF}.Ad-Hoc|iPhoneSimulator.ActiveCfg = Release|iPhoneSimulator
		{663B72FB-5E55-49ED-8862-FFA4A92213AF}.Ad-Hoc|iPhoneSimulator.Build.0 = Release|iPhoneSimulator
		{663B72FB-5E55-49ED-8862-FFA4A92213AF}.Ad-Hoc|x64.ActiveCfg = Release|iPhoneSimulator
		{663B72FB-5E55-49ED-8862-FFA4A92213AF}.Ad-Hoc|x64.Build.0 = Release|iPhoneSimulator
		{663B72FB-5E55-49ED-8862-FFA4A92213AF}.Ad-Hoc|x86.ActiveCfg = Release|iPhoneSimulator
		{663B72FB-5E55-49ED-8862-FFA4A92213AF}.Ad-Hoc|x86.Build.0 = Release|iPhoneSimulator
		{663B72FB-5E55-49ED-8862-FFA4A92213AF}.AppStore|Any CPU.ActiveCfg = Release|iPhoneSimulator
		{663B72FB-5E55-49ED-8862-FFA4A92213AF}.AppStore|Any CPU.Build.0 = Release|iPhoneSimulator
		{663B72FB-5E55-49ED-8862-FFA4A92213AF}.AppStore|ARM.ActiveCfg = Release|iPhoneSimulator
		{663B72FB-5E55-49ED-8862-FFA4A92213AF}.AppStore|ARM.Build.0 = Release|iPhoneSimulator
		{663B72FB-5E55-49ED-8862-FFA4A92213AF}.AppStore|ARM64.ActiveCfg = Release|iPhoneSimulator
		{663B72FB-5E55-49ED-8862-FFA4A92213AF}.AppStore|ARM64.Build.0 = Release|iPhoneSimulator
		{663B72FB-5E55-49ED-8862-FFA4A92213AF}.AppStore|iPhone.ActiveCfg = Release|iPhoneSimulator
		{663B72FB-5E55-49ED-8862-FFA4A92213AF}.AppStore|iPhone.Build.0 = Release|iPhoneSimulator
		{663B72FB-5E55-49ED-8862-FFA4A92213AF}.AppStore|iPhoneSimulator.ActiveCfg = Release|iPhoneSimulator
		{663B72FB-5E55-49ED-8862-FFA4A92213AF}.AppStore|iPhoneSimulator.Build.0 = Release|iPhoneSimulator
		{663B72FB-5E55-49ED-8862-FFA4A92213AF}.AppStore|x64.ActiveCfg = Release|iPhoneSimulator
		{663B72FB-5E55-49ED-8862-FFA4A92213AF}.AppStore|x64.Build.0 = Release|iPhoneSimulator
		{663B72FB-5E55-49ED-8862-FFA4A92213AF}.AppStore|x86.ActiveCfg = Release|iPhoneSimulator
		{663B72FB-5E55-49ED-8862-FFA4A92213AF}.AppStore|x86.Build.0 = Release|iPhoneSimulator
		{663B72FB-5E55-49ED-8862-FFA4A92213AF}.Debug|Any CPU.ActiveCfg = Debug|iPhoneSimulator
		{663B72FB-5E55-49ED-8862-FFA4A92213AF}.Debug|ARM.ActiveCfg = Debug|iPhoneSimulator
		{663B72FB-5E55-49ED-8862-FFA4A92213AF}.Debug|ARM64.ActiveCfg = Debug|iPhoneSimulator
		{663B72FB-5E55-49ED-8862-FFA4A92213AF}.Debug|iPhone.ActiveCfg = Debug|iPhoneSimulator
		{663B72FB-5E55-49ED-8862-FFA4A92213AF}.Debug|iPhoneSimulator.ActiveCfg = Debug|iPhoneSimulator
		{663B72FB-5E55-49ED-8862-FFA4A92213AF}.Debug|iPhoneSimulator.Build.0 = Debug|iPhoneSimulator
		{663B72FB-5E55-49ED-8862-FFA4A92213AF}.Debug|x64.ActiveCfg = Debug|iPhoneSimulator
		{663B72FB-5E55-49ED-8862-FFA4A92213AF}.Debug|x86.ActiveCfg = Debug|iPhoneSimulator
		{663B72FB-5E55-49ED-8862-FFA4A92213AF}.Release|Any CPU.ActiveCfg = Release|iPhoneSimulator
		{663B72FB-5E55-49ED-8862-FFA4A92213AF}.Release|ARM.ActiveCfg = Release|iPhoneSimulator
		{663B72FB-5E55-49ED-8862-FFA4A92213AF}.Release|ARM64.ActiveCfg = Release|iPhoneSimulator
		{663B72FB-5E55-49ED-8862-FFA4A92213AF}.Release|iPhone.ActiveCfg = Release|iPhoneSimulator
		{663B72FB-5E55-49ED-8862-FFA4A92213AF}.Release|iPhoneSimulator.ActiveCfg = Release|iPhoneSimulator
		{663B72FB-5E55-49ED-8862-FFA4A92213AF}.Release|iPhoneSimulator.Build.0 = Release|iPhoneSimulator
		{663B72FB-5E55-49ED-8862-FFA4A92213AF}.Release|x64.ActiveCfg = Release|iPhoneSimulator
		{663B72FB-5E55-49ED-8862-FFA4A92213AF}.Release|x86.ActiveCfg = Release|iPhoneSimulator
	EndGlobalSection
	GlobalSection(SolutionProperties) = preSolution
		HideSolutionNode = FALSE
	EndGlobalSection
	GlobalSection(ExtensibilityGlobals) = postSolution
		SolutionGuid = {80D1347D-3CB2-4B01-BBE8-5B911E8BC6F7}
	EndGlobalSection
EndGlobal
